
Microsoft Visual Studio Solution File, Format Version 12.00
Project("{FAE04EC0-301F-11D3-BF4B-00C04F79EFBC}") = "RabbitMQAPI", "RabbitMQAPI\RabbitMQAPI.csproj", "{7AC1388A-450E-47B1-A166-31B629618743}"
EndProject
Project("{FAE04EC0-301F-11D3-BF4B-00C04F79EFBC}") = "ConsoleConsumer", "ConsoleConsumer\ConsoleConsumer.csproj", "{DC38A5B5-78CC-405F-923D-B661DC913906}"
EndProject
Global
	GlobalSection(SolutionConfigurationPlatforms) = preSolution
		Debug|Any CPU = Debug|Any CPU
		Release|Any CPU = Release|Any CPU
	EndGlobalSection
	GlobalSection(ProjectConfigurationPlatforms) = postSolution
		{7AC1388A-450E-47B1-A166-31B629618743}.Debug|Any CPU.ActiveCfg = Debug|Any CPU
		{7AC1388A-450E-47B1-A166-31B629618743}.Debug|Any CPU.Build.0 = Debug|Any CPU
		{7AC1388A-450E-47B1-A166-31B629618743}.Release|Any CPU.ActiveCfg = Release|Any CPU
		{7AC1388A-450E-47B1-A166-31B629618743}.Release|Any CPU.Build.0 = Release|Any CPU
		{DC38A5B5-78CC-405F-923D-B661DC913906}.Debug|Any CPU.ActiveCfg = Debug|Any CPU
		{DC38A5B5-78CC-405F-923D-B661DC913906}.Debug|Any CPU.Build.0 = Debug|Any CPU
		{DC38A5B5-78CC-405F-923D-B661DC913906}.Release|Any CPU.ActiveCfg = Release|Any CPU
		{DC38A5B5-78CC-405F-923D-B661DC913906}.Release|Any CPU.Build.0 = Release|Any CPU
	EndGlobalSection
EndGlobal
